
Microsoft Visual Studio Solution File, Format Version 12.00
# Visual Studio 15
Project("{FAE04EC0-301F-11D3-BF4B-00C04F79EFBC}") = "RST-III-OscarMorehead", "Assembly-CSharp.csproj", "{0BF47325-A89D-CE91-6C77-598D5BFF6B5B}"
EndProject
Project("{FAE04EC0-301F-11D3-BF4B-00C04F79EFBC}") = "RST-III-OscarMorehead", "Assembly-CSharp-Editor.csproj", "{EB77089E-6EC9-CE05-37ED-11315F25666F}"
EndProject
Global
	GlobalSection(SolutionConfigurationPlatforms) = preSolution
		Debug|Any CPU = Debug|Any CPU
		Release|Any CPU = Release|Any CPU
	EndGlobalSection
	GlobalSection(ProjectConfigurationPlatforms) = postSolution
		{0BF47325-A89D-CE91-6C77-598D5BFF6B5B}.Debug|Any CPU.ActiveCfg = Debug|Any CPU
		{0BF47325-A89D-CE91-6C77-598D5BFF6B5B}.Debug|Any CPU.Build.0 = Debug|Any CPU
		{0BF47325-A89D-CE91-6C77-598D5BFF6B5B}.Release|Any CPU.ActiveCfg = Release|Any CPU
		{0BF47325-A89D-CE91-6C77-598D5BFF6B5B}.Release|Any CPU.Build.0 = Release|Any CPU
		{EB77089E-6EC9-CE05-37ED-11315F25666F}.Debug|Any CPU.ActiveCfg = Debug|Any CPU
		{EB77089E-6EC9-CE05-37ED-11315F25666F}.Debug|Any CPU.Build.0 = Debug|Any CPU
		{EB77089E-6EC9-CE05-37ED-11315F25666F}.Release|Any CPU.ActiveCfg = Release|Any CPU
		{EB77089E-6EC9-CE05-37ED-11315F25666F}.Release|Any CPU.Build.0 = Release|Any CPU
	EndGlobalSection
	GlobalSection(SolutionProperties) = preSolution
		HideSolutionNode = FALSE
	EndGlobalSection
EndGlobal
